
Microsoft Visual Studio Solution File, Format Version 12.00
# Visual Studio 15
VisualStudioVersion = 15.0.28010.2046
MinimumVisualStudioVersion = 10.0.40219.1
Project("{FAE04EC0-301F-11D3-BF4B-00C04F79EFBC}") = "CareerCloud.Pocos", "CareerCloud.Pocos\CareerCloud.Pocos.csproj", "{56EC6D03-0B56-499A-BC1A-A0B58A2B9373}"
EndProject
Project("{FAE04EC0-301F-11D3-BF4B-00C04F79EFBC}") = "CareerCloud.UnitTests.Assignment1", "CareerCloud.UnitTests.Assignment1\CareerCloud.UnitTests.Assignment1.csproj", "{0EF4F160-68B1-491A-925F-064D66EC3283}"
EndProject
Project("{FAE04EC0-301F-11D3-BF4B-00C04F79EFBC}") = "CareerCloud.DataAccessLayer", "CareerCloud.DataAccessLayer\CareerCloud.DataAccessLayer.csproj", "{0F073E4F-E53A-428B-A284-1D37E01D7A66}"
EndProject
Project("{FAE04EC0-301F-11D3-BF4B-00C04F79EFBC}") = "CareerCloud.ADODataAccessLayer", "CareerCloud.ADODataAccessLayer\CareerCloud.ADODataAccessLayer.csproj", "{002B0044-A9A4-4018-A6F4-81130CDE6A27}"
EndProject
Project("{FAE04EC0-301F-11D3-BF4B-00C04F79EFBC}") = "CareerCloud.UnitTests.Assignment2", "CareerCloud.UnitTests.Assignment2\CareerCloud.UnitTests.Assignment2\CareerCloud.UnitTests.Assignment2.csproj", "{6E68DDCD-CDB9-4ABF-8DF3-57AE31F474E3}"
EndProject
Global
	GlobalSection(SolutionConfigurationPlatforms) = preSolution
		Debug|Any CPU = Debug|Any CPU
		Release|Any CPU = Release|Any CPU
	EndGlobalSection
	GlobalSection(ProjectConfigurationPlatforms) = postSolution
		{56EC6D03-0B56-499A-BC1A-A0B58A2B9373}.Debug|Any CPU.ActiveCfg = Debug|Any CPU
		{56EC6D03-0B56-499A-BC1A-A0B58A2B9373}.Debug|Any CPU.Build.0 = Debug|Any CPU
		{56EC6D03-0B56-499A-BC1A-A0B58A2B9373}.Release|Any CPU.ActiveCfg = Release|Any CPU
		{56EC6D03-0B56-499A-BC1A-A0B58A2B9373}.Release|Any CPU.Build.0 = Release|Any CPU
		{0EF4F160-68B1-491A-925F-064D66EC3283}.Debug|Any CPU.ActiveCfg = Debug|Any CPU
		{0EF4F160-68B1-491A-925F-064D66EC3283}.Debug|Any CPU.Build.0 = Debug|Any CPU
		{0EF4F160-68B1-491A-925F-064D66EC3283}.Release|Any CPU.ActiveCfg = Release|Any CPU
		{0EF4F160-68B1-491A-925F-064D66EC3283}.Release|Any CPU.Build.0 = Release|Any CPU
		{0F073E4F-E53A-428B-A284-1D37E01D7A66}.Debug|Any CPU.ActiveCfg = Debug|Any CPU
		{0F073E4F-E53A-428B-A284-1D37E01D7A66}.Debug|Any CPU.Build.0 = Debug|Any CPU
		{0F073E4F-E53A-428B-A284-1D37E01D7A66}.Release|Any CPU.ActiveCfg = Release|Any CPU
		{0F073E4F-E53A-428B-A284-1D37E01D7A66}.Release|Any CPU.Build.0 = Release|Any CPU
		{002B0044-A9A4-4018-A6F4-81130CDE6A27}.Debug|Any CPU.ActiveCfg = Debug|Any CPU
		{002B0044-A9A4-4018-A6F4-81130CDE6A27}.Debug|Any CPU.Build.0 = Debug|Any CPU
		{002B0044-A9A4-4018-A6F4-81130CDE6A27}.Release|Any CPU.ActiveCfg = Release|Any CPU
		{002B0044-A9A4-4018-A6F4-81130CDE6A27}.Release|Any CPU.Build.0 = Release|Any CPU
		{6E68DDCD-CDB9-4ABF-8DF3-57AE31F474E3}.Debug|Any CPU.ActiveCfg = Debug|Any CPU
		{6E68DDCD-CDB9-4ABF-8DF3-57AE31F474E3}.Debug|Any CPU.Build.0 = Debug|Any CPU
		{6E68DDCD-CDB9-4ABF-8DF3-57AE31F474E3}.Release|Any CPU.ActiveCfg = Release|Any CPU
		{6E68DDCD-CDB9-4ABF-8DF3-57AE31F474E3}.Release|Any CPU.Build.0 = Release|Any CPU
	EndGlobalSection
	GlobalSection(SolutionProperties) = preSolution
		HideSolutionNode = FALSE
	EndGlobalSection
	GlobalSection(ExtensibilityGlobals) = postSolution
		SolutionGuid = {CE2DD438-BAC9-43BE-8828-7A81420E2385}
	EndGlobalSection
EndGlobal
